{
  "name": "mysmartdeal",
  "version": "1.0.0",
  "lockfileVersion": 2,
  "requires": true,
  "packages": {
    "": {
      "dependencies": {
        "@emailjs/browser": "^3.11.0",
        "next": "13.4.10",
        "react": "18.2.0",
        "react-dom": "18.2.0",
        "react-slick": "^0.29.0",
        "slick-carousel": "^1.8.1",
        "node-fetch": "^2.6.7",
        "cheerio": "^1.0.0-rc.12"
      }
    },
    "node_modules/@emailjs/browser": {
      "version": "3.11.0",
      "resolved": "https://registry.npmjs.org/@emailjs/browser/-/browser-3.11.0.tgz",
      "integrity": "sha512-placeholder",
      "dev": false
    }
  }
}
