{
  "name": "mysmartdeal",
  "lockfileVersion": 2,
  "requires": true,
  "packages": {
    "": {
      "dependencies": {
        "@emailjs/browser": "^3.11.0"
      }
    },
    "node_modules/@emailjs/browser": {
      "version": "3.11.0",
      "resolved": "https://registry.npmjs.org/@emailjs/browser/-/browser-3.11.0.tgz",
      "integrity": "sha512-xplaceholderhash=="
    }
  }
}